
Microsoft Visual Studio Solution File, Format Version 12.00
# Visual Studio Version 17
VisualStudioVersion = 17.7.34221.43
MinimumVisualStudioVersion = 10.0.40219.1
Project("{9A19103F-16F7-4668-BE54-9A1E7A4F7556}") = "D365FOEnvironmentComparisonUtility", "D365FOEnvironmentComparisonUtility\D365FOEnvironmentComparisonUtility.csproj", "{771FFAC1-354F-4B7F-815E-07C6F9F6C41C}"
EndProject
Global
	GlobalSection(SolutionConfigurationPlatforms) = preSolution
		Debug|Any CPU = Debug|Any CPU
		Release|Any CPU = Release|Any CPU
	EndGlobalSection
	GlobalSection(ProjectConfigurationPlatforms) = postSolution
		{771FFAC1-354F-4B7F-815E-07C6F9F6C41C}.Debug|Any CPU.ActiveCfg = Debug|Any CPU
		{771FFAC1-354F-4B7F-815E-07C6F9F6C41C}.Debug|Any CPU.Build.0 = Debug|Any CPU
		{771FFAC1-354F-4B7F-815E-07C6F9F6C41C}.Release|Any CPU.ActiveCfg = Release|Any CPU
		{771FFAC1-354F-4B7F-815E-07C6F9F6C41C}.Release|Any CPU.Build.0 = Release|Any CPU
	EndGlobalSection
	GlobalSection(SolutionProperties) = preSolution
		HideSolutionNode = FALSE
	EndGlobalSection
	GlobalSection(ExtensibilityGlobals) = postSolution
		SolutionGuid = {32CECF53-447C-414E-BE37-BF8AEF8A6CA3}
	EndGlobalSection
EndGlobal
